
Microsoft Visual Studio Solution File, Format Version 12.00
# Visual Studio Version 17
VisualStudioVersion = 17.0.32014.148
MinimumVisualStudioVersion = 10.0.40219.1
Project("{8BC9CEB8-8B4A-11D0-8D11-00A0C91BC942}") = "Client_FirstProject", "Client_FirstProject\Client_FirstProject.vcxproj", "{FBF3BB84-6474-4EB9-A582-C18F42F3911B}"
EndProject
Global
	GlobalSection(SolutionConfigurationPlatforms) = preSolution
		Debug|x64 = Debug|x64
		Debug|x86 = Debug|x86
		Release|x64 = Release|x64
		Release|x86 = Release|x86
	EndGlobalSection
	GlobalSection(ProjectConfigurationPlatforms) = postSolution
		{FBF3BB84-6474-4EB9-A582-C18F42F3911B}.Debug|x64.ActiveCfg = Debug|x64
		{FBF3BB84-6474-4EB9-A582-C18F42F3911B}.Debug|x64.Build.0 = Debug|x64
		{FBF3BB84-6474-4EB9-A582-C18F42F3911B}.Debug|x86.ActiveCfg = Debug|Win32
		{FBF3BB84-6474-4EB9-A582-C18F42F3911B}.Debug|x86.Build.0 = Debug|Win32
		{FBF3BB84-6474-4EB9-A582-C18F42F3911B}.Release|x64.ActiveCfg = Release|x64
		{FBF3BB84-6474-4EB9-A582-C18F42F3911B}.Release|x64.Build.0 = Release|x64
		{FBF3BB84-6474-4EB9-A582-C18F42F3911B}.Release|x86.ActiveCfg = Release|Win32
		{FBF3BB84-6474-4EB9-A582-C18F42F3911B}.Release|x86.Build.0 = Release|Win32
	EndGlobalSection
	GlobalSection(SolutionProperties) = preSolution
		HideSolutionNode = FALSE
	EndGlobalSection
	GlobalSection(ExtensibilityGlobals) = postSolution
		SolutionGuid = {86CFA9D1-5A33-4FFA-9A34-7796AF54ECBC}
	EndGlobalSection
EndGlobal
