
Microsoft Visual Studio Solution File, Format Version 12.00
# Visual Studio Version 17
VisualStudioVersion = 17.0.32014.148
MinimumVisualStudioVersion = 10.0.40219.1
Project("{8BC9CEB8-8B4A-11D0-8D11-00A0C91BC942}") = "Client_FirstProject", "Client_FirstProject\Client_FirstProject.vcxproj", "{FBF3BB84-6474-4EB9-A582-C18F42F3911B}"
EndProject
Project("{8BC9CEB8-8B4A-11D0-8D11-00A0C91BC942}") = "Constant Expression", "Constant Expression2\Constant Expression2.vcxproj", "{68BF4D5B-29ED-4271-9875-0DB4771E3569}"
EndProject
Project("{8BC9CEB8-8B4A-11D0-8D11-00A0C91BC942}") = "Variables", "Variables\Variables.vcxproj", "{832202F3-4970-433D-9C67-A0CECBA0649E}"
EndProject
Project("{8BC9CEB8-8B4A-11D0-8D11-00A0C91BC942}") = "OutputFunction_scanf", "OutputFunction_scanf\OutputFunction_scanf.vcxproj", "{35E8E9D6-1426-4292-8E96-9A1AC9C051E9}"
EndProject
Project("{8BC9CEB8-8B4A-11D0-8D11-00A0C91BC942}") = "Operator", "Operator\Operator.vcxproj", "{D4F5AF11-D696-448B-811D-91FC77884FFA}"
EndProject
Global
	GlobalSection(SolutionConfigurationPlatforms) = preSolution
		Debug|x64 = Debug|x64
		Debug|x86 = Debug|x86
		Release|x64 = Release|x64
		Release|x86 = Release|x86
	EndGlobalSection
	GlobalSection(ProjectConfigurationPlatforms) = postSolution
		{FBF3BB84-6474-4EB9-A582-C18F42F3911B}.Debug|x64.ActiveCfg = Debug|x64
		{FBF3BB84-6474-4EB9-A582-C18F42F3911B}.Debug|x64.Build.0 = Debug|x64
		{FBF3BB84-6474-4EB9-A582-C18F42F3911B}.Debug|x86.ActiveCfg = Debug|Win32
		{FBF3BB84-6474-4EB9-A582-C18F42F3911B}.Debug|x86.Build.0 = Debug|Win32
		{FBF3BB84-6474-4EB9-A582-C18F42F3911B}.Release|x64.ActiveCfg = Release|x64
		{FBF3BB84-6474-4EB9-A582-C18F42F3911B}.Release|x64.Build.0 = Release|x64
		{FBF3BB84-6474-4EB9-A582-C18F42F3911B}.Release|x86.ActiveCfg = Release|Win32
		{FBF3BB84-6474-4EB9-A582-C18F42F3911B}.Release|x86.Build.0 = Release|Win32
		{68BF4D5B-29ED-4271-9875-0DB4771E3569}.Debug|x64.ActiveCfg = Debug|x64
		{68BF4D5B-29ED-4271-9875-0DB4771E3569}.Debug|x64.Build.0 = Debug|x64
		{68BF4D5B-29ED-4271-9875-0DB4771E3569}.Debug|x86.ActiveCfg = Debug|Win32
		{68BF4D5B-29ED-4271-9875-0DB4771E3569}.Debug|x86.Build.0 = Debug|Win32
		{68BF4D5B-29ED-4271-9875-0DB4771E3569}.Release|x64.ActiveCfg = Release|x64
		{68BF4D5B-29ED-4271-9875-0DB4771E3569}.Release|x64.Build.0 = Release|x64
		{68BF4D5B-29ED-4271-9875-0DB4771E3569}.Release|x86.ActiveCfg = Release|Win32
		{68BF4D5B-29ED-4271-9875-0DB4771E3569}.Release|x86.Build.0 = Release|Win32
		{832202F3-4970-433D-9C67-A0CECBA0649E}.Debug|x64.ActiveCfg = Debug|x64
		{832202F3-4970-433D-9C67-A0CECBA0649E}.Debug|x64.Build.0 = Debug|x64
		{832202F3-4970-433D-9C67-A0CECBA0649E}.Debug|x86.ActiveCfg = Debug|Win32
		{832202F3-4970-433D-9C67-A0CECBA0649E}.Debug|x86.Build.0 = Debug|Win32
		{832202F3-4970-433D-9C67-A0CECBA0649E}.Release|x64.ActiveCfg = Release|x64
		{832202F3-4970-433D-9C67-A0CECBA0649E}.Release|x64.Build.0 = Release|x64
		{832202F3-4970-433D-9C67-A0CECBA0649E}.Release|x86.ActiveCfg = Release|Win32
		{832202F3-4970-433D-9C67-A0CECBA0649E}.Release|x86.Build.0 = Release|Win32
		{35E8E9D6-1426-4292-8E96-9A1AC9C051E9}.Debug|x64.ActiveCfg = Debug|x64
		{35E8E9D6-1426-4292-8E96-9A1AC9C051E9}.Debug|x64.Build.0 = Debug|x64
		{35E8E9D6-1426-4292-8E96-9A1AC9C051E9}.Debug|x86.ActiveCfg = Debug|Win32
		{35E8E9D6-1426-4292-8E96-9A1AC9C051E9}.Debug|x86.Build.0 = Debug|Win32
		{35E8E9D6-1426-4292-8E96-9A1AC9C051E9}.Release|x64.ActiveCfg = Release|x64
		{35E8E9D6-1426-4292-8E96-9A1AC9C051E9}.Release|x64.Build.0 = Release|x64
		{35E8E9D6-1426-4292-8E96-9A1AC9C051E9}.Release|x86.ActiveCfg = Release|Win32
		{35E8E9D6-1426-4292-8E96-9A1AC9C051E9}.Release|x86.Build.0 = Release|Win32
		{D4F5AF11-D696-448B-811D-91FC77884FFA}.Debug|x64.ActiveCfg = Debug|x64
		{D4F5AF11-D696-448B-811D-91FC77884FFA}.Debug|x64.Build.0 = Debug|x64
		{D4F5AF11-D696-448B-811D-91FC77884FFA}.Debug|x86.ActiveCfg = Debug|Win32
		{D4F5AF11-D696-448B-811D-91FC77884FFA}.Debug|x86.Build.0 = Debug|Win32
		{D4F5AF11-D696-448B-811D-91FC77884FFA}.Release|x64.ActiveCfg = Release|x64
		{D4F5AF11-D696-448B-811D-91FC77884FFA}.Release|x64.Build.0 = Release|x64
		{D4F5AF11-D696-448B-811D-91FC77884FFA}.Release|x86.ActiveCfg = Release|Win32
		{D4F5AF11-D696-448B-811D-91FC77884FFA}.Release|x86.Build.0 = Release|Win32
	EndGlobalSection
	GlobalSection(SolutionProperties) = preSolution
		HideSolutionNode = FALSE
	EndGlobalSection
	GlobalSection(ExtensibilityGlobals) = postSolution
		SolutionGuid = {86CFA9D1-5A33-4FFA-9A34-7796AF54ECBC}
	EndGlobalSection
EndGlobal
