
Microsoft Visual Studio Solution File, Format Version 12.00
# Visual Studio Version 17
VisualStudioVersion = 17.0.32014.148
MinimumVisualStudioVersion = 10.0.40219.1
Project("{8BC9CEB8-8B4A-11D0-8D11-00A0C91BC942}") = "Client_FirstProject", "Client_FirstProject\Client_FirstProject.vcxproj", "{FBF3BB84-6474-4EB9-A582-C18F42F3911B}"
EndProject
Project("{8BC9CEB8-8B4A-11D0-8D11-00A0C91BC942}") = "Constant Expression", "Constant Expression2\Constant Expression2.vcxproj", "{68BF4D5B-29ED-4271-9875-0DB4771E3569}"
EndProject
Project("{8BC9CEB8-8B4A-11D0-8D11-00A0C91BC942}") = "Variables", "Variables\Variables.vcxproj", "{832202F3-4970-433D-9C67-A0CECBA0649E}"
EndProject
Project("{8BC9CEB8-8B4A-11D0-8D11-00A0C91BC942}") = "OutputFunction_scanf", "OutputFunction_scanf\OutputFunction_scanf.vcxproj", "{35E8E9D6-1426-4292-8E96-9A1AC9C051E9}"
EndProject
Project("{8BC9CEB8-8B4A-11D0-8D11-00A0C91BC942}") = "Operator", "Operator\Operator.vcxproj", "{D4F5AF11-D696-448B-811D-91FC77884FFA}"
EndProject
Project("{8BC9CEB8-8B4A-11D0-8D11-00A0C91BC942}") = "ControlStatement If", "If\If.vcxproj", "{0A391CF4-4048-44D3-9B59-6F30010B9A3B}"
EndProject
Project("{8BC9CEB8-8B4A-11D0-8D11-00A0C91BC942}") = "ControlStatement_SwitchCase", "ControlStatement_SwitchCase\ControlStatement_SwitchCase.vcxproj", "{0A873813-24C5-443B-B8A0-7AC9D89DB094}"
EndProject
Project("{8BC9CEB8-8B4A-11D0-8D11-00A0C91BC942}") = "ControlStatement_Loob while", "ControlStatement\ControlStatement.vcxproj", "{5B6E4D75-0E54-4FEB-9A76-B9D121EB1BF6}"
EndProject
Project("{8BC9CEB8-8B4A-11D0-8D11-00A0C91BC942}") = "ControlStatement_Loop_for", "ControlStatement_Loop_for\ControlStatement_Loop_for.vcxproj", "{AF9BC8C7-CD65-4483-B87F-5B531A554576}"
EndProject
Project("{8BC9CEB8-8B4A-11D0-8D11-00A0C91BC942}") = "Function", "Function\Function.vcxproj", "{283B27BF-1BF2-40F4-90A2-6452EDC60EC3}"
EndProject
Project("{8BC9CEB8-8B4A-11D0-8D11-00A0C91BC942}") = "Example1", "Example1\Example1.vcxproj", "{59AC7DAF-4FB5-4126-9B4C-5C3A54B59F03}"
EndProject
Project("{8BC9CEB8-8B4A-11D0-8D11-00A0C91BC942}") = "Pointer", "Pointer\Pointer.vcxproj", "{6C999B28-CB03-4FB4-865D-4DC100D02326}"
EndProject
Project("{8BC9CEB8-8B4A-11D0-8D11-00A0C91BC942}") = "DoublePointer", "DoublePointer\DoublePointer.vcxproj", "{DCEA6EE3-9446-4C37-938D-9AC9FA93D091}"
EndProject
Project("{8BC9CEB8-8B4A-11D0-8D11-00A0C91BC942}") = "FunctionPointer", "FunctionPointer\FunctionPointer.vcxproj", "{6DE28A9D-E894-4580-93B5-EF920551D369}"
EndProject
Project("{8BC9CEB8-8B4A-11D0-8D11-00A0C91BC942}") = "TypeDefine", "TypeDefine\TypeDefine.vcxproj", "{EB7C471A-2B10-43A1-92CE-7CAD83068781}"
EndProject
Project("{8BC9CEB8-8B4A-11D0-8D11-00A0C91BC942}") = "Structure", "Structure\Structure.vcxproj", "{33CB2149-6BB5-4879-9C28-7598041DB5F1}"
EndProject
Project("{8BC9CEB8-8B4A-11D0-8D11-00A0C91BC942}") = "Enum", "Enum\Enum.vcxproj", "{9A1AC4B2-761A-4F6E-84A6-F9716E603463}"
EndProject
Project("{8BC9CEB8-8B4A-11D0-8D11-00A0C91BC942}") = "DynamicMemory", "DynamicMemory\DynamicMemory.vcxproj", "{29CEEE94-A84B-499F-BEF3-397DD54B2647}"
EndProject
Project("{8BC9CEB8-8B4A-11D0-8D11-00A0C91BC942}") = "Union", "Union\Union.vcxproj", "{2AF65656-31F3-49A8-964C-FD9379EE2DE4}"
EndProject
Global
	GlobalSection(SolutionConfigurationPlatforms) = preSolution
		Debug|x64 = Debug|x64
		Debug|x86 = Debug|x86
		Release|x64 = Release|x64
		Release|x86 = Release|x86
	EndGlobalSection
	GlobalSection(ProjectConfigurationPlatforms) = postSolution
		{FBF3BB84-6474-4EB9-A582-C18F42F3911B}.Debug|x64.ActiveCfg = Debug|x64
		{FBF3BB84-6474-4EB9-A582-C18F42F3911B}.Debug|x64.Build.0 = Debug|x64
		{FBF3BB84-6474-4EB9-A582-C18F42F3911B}.Debug|x86.ActiveCfg = Debug|Win32
		{FBF3BB84-6474-4EB9-A582-C18F42F3911B}.Debug|x86.Build.0 = Debug|Win32
		{FBF3BB84-6474-4EB9-A582-C18F42F3911B}.Release|x64.ActiveCfg = Release|x64
		{FBF3BB84-6474-4EB9-A582-C18F42F3911B}.Release|x64.Build.0 = Release|x64
		{FBF3BB84-6474-4EB9-A582-C18F42F3911B}.Release|x86.ActiveCfg = Release|Win32
		{FBF3BB84-6474-4EB9-A582-C18F42F3911B}.Release|x86.Build.0 = Release|Win32
		{68BF4D5B-29ED-4271-9875-0DB4771E3569}.Debug|x64.ActiveCfg = Debug|x64
		{68BF4D5B-29ED-4271-9875-0DB4771E3569}.Debug|x64.Build.0 = Debug|x64
		{68BF4D5B-29ED-4271-9875-0DB4771E3569}.Debug|x86.ActiveCfg = Debug|Win32
		{68BF4D5B-29ED-4271-9875-0DB4771E3569}.Debug|x86.Build.0 = Debug|Win32
		{68BF4D5B-29ED-4271-9875-0DB4771E3569}.Release|x64.ActiveCfg = Release|x64
		{68BF4D5B-29ED-4271-9875-0DB4771E3569}.Release|x64.Build.0 = Release|x64
		{68BF4D5B-29ED-4271-9875-0DB4771E3569}.Release|x86.ActiveCfg = Release|Win32
		{68BF4D5B-29ED-4271-9875-0DB4771E3569}.Release|x86.Build.0 = Release|Win32
		{832202F3-4970-433D-9C67-A0CECBA0649E}.Debug|x64.ActiveCfg = Debug|x64
		{832202F3-4970-433D-9C67-A0CECBA0649E}.Debug|x64.Build.0 = Debug|x64
		{832202F3-4970-433D-9C67-A0CECBA0649E}.Debug|x86.ActiveCfg = Debug|Win32
		{832202F3-4970-433D-9C67-A0CECBA0649E}.Debug|x86.Build.0 = Debug|Win32
		{832202F3-4970-433D-9C67-A0CECBA0649E}.Release|x64.ActiveCfg = Release|x64
		{832202F3-4970-433D-9C67-A0CECBA0649E}.Release|x64.Build.0 = Release|x64
		{832202F3-4970-433D-9C67-A0CECBA0649E}.Release|x86.ActiveCfg = Release|Win32
		{832202F3-4970-433D-9C67-A0CECBA0649E}.Release|x86.Build.0 = Release|Win32
		{35E8E9D6-1426-4292-8E96-9A1AC9C051E9}.Debug|x64.ActiveCfg = Debug|x64
		{35E8E9D6-1426-4292-8E96-9A1AC9C051E9}.Debug|x64.Build.0 = Debug|x64
		{35E8E9D6-1426-4292-8E96-9A1AC9C051E9}.Debug|x86.ActiveCfg = Debug|Win32
		{35E8E9D6-1426-4292-8E96-9A1AC9C051E9}.Debug|x86.Build.0 = Debug|Win32
		{35E8E9D6-1426-4292-8E96-9A1AC9C051E9}.Release|x64.ActiveCfg = Release|x64
		{35E8E9D6-1426-4292-8E96-9A1AC9C051E9}.Release|x64.Build.0 = Release|x64
		{35E8E9D6-1426-4292-8E96-9A1AC9C051E9}.Release|x86.ActiveCfg = Release|Win32
		{35E8E9D6-1426-4292-8E96-9A1AC9C051E9}.Release|x86.Build.0 = Release|Win32
		{D4F5AF11-D696-448B-811D-91FC77884FFA}.Debug|x64.ActiveCfg = Debug|x64
		{D4F5AF11-D696-448B-811D-91FC77884FFA}.Debug|x64.Build.0 = Debug|x64
		{D4F5AF11-D696-448B-811D-91FC77884FFA}.Debug|x86.ActiveCfg = Debug|Win32
		{D4F5AF11-D696-448B-811D-91FC77884FFA}.Debug|x86.Build.0 = Debug|Win32
		{D4F5AF11-D696-448B-811D-91FC77884FFA}.Release|x64.ActiveCfg = Release|x64
		{D4F5AF11-D696-448B-811D-91FC77884FFA}.Release|x64.Build.0 = Release|x64
		{D4F5AF11-D696-448B-811D-91FC77884FFA}.Release|x86.ActiveCfg = Release|Win32
		{D4F5AF11-D696-448B-811D-91FC77884FFA}.Release|x86.Build.0 = Release|Win32
		{0A391CF4-4048-44D3-9B59-6F30010B9A3B}.Debug|x64.ActiveCfg = Debug|x64
		{0A391CF4-4048-44D3-9B59-6F30010B9A3B}.Debug|x64.Build.0 = Debug|x64
		{0A391CF4-4048-44D3-9B59-6F30010B9A3B}.Debug|x86.ActiveCfg = Debug|Win32
		{0A391CF4-4048-44D3-9B59-6F30010B9A3B}.Debug|x86.Build.0 = Debug|Win32
		{0A391CF4-4048-44D3-9B59-6F30010B9A3B}.Release|x64.ActiveCfg = Release|x64
		{0A391CF4-4048-44D3-9B59-6F30010B9A3B}.Release|x64.Build.0 = Release|x64
		{0A391CF4-4048-44D3-9B59-6F30010B9A3B}.Release|x86.ActiveCfg = Release|Win32
		{0A391CF4-4048-44D3-9B59-6F30010B9A3B}.Release|x86.Build.0 = Release|Win32
		{0A873813-24C5-443B-B8A0-7AC9D89DB094}.Debug|x64.ActiveCfg = Debug|x64
		{0A873813-24C5-443B-B8A0-7AC9D89DB094}.Debug|x64.Build.0 = Debug|x64
		{0A873813-24C5-443B-B8A0-7AC9D89DB094}.Debug|x86.ActiveCfg = Debug|Win32
		{0A873813-24C5-443B-B8A0-7AC9D89DB094}.Debug|x86.Build.0 = Debug|Win32
		{0A873813-24C5-443B-B8A0-7AC9D89DB094}.Release|x64.ActiveCfg = Release|x64
		{0A873813-24C5-443B-B8A0-7AC9D89DB094}.Release|x64.Build.0 = Release|x64
		{0A873813-24C5-443B-B8A0-7AC9D89DB094}.Release|x86.ActiveCfg = Release|Win32
		{0A873813-24C5-443B-B8A0-7AC9D89DB094}.Release|x86.Build.0 = Release|Win32
		{5B6E4D75-0E54-4FEB-9A76-B9D121EB1BF6}.Debug|x64.ActiveCfg = Debug|x64
		{5B6E4D75-0E54-4FEB-9A76-B9D121EB1BF6}.Debug|x64.Build.0 = Debug|x64
		{5B6E4D75-0E54-4FEB-9A76-B9D121EB1BF6}.Debug|x86.ActiveCfg = Debug|Win32
		{5B6E4D75-0E54-4FEB-9A76-B9D121EB1BF6}.Debug|x86.Build.0 = Debug|Win32
		{5B6E4D75-0E54-4FEB-9A76-B9D121EB1BF6}.Release|x64.ActiveCfg = Release|x64
		{5B6E4D75-0E54-4FEB-9A76-B9D121EB1BF6}.Release|x64.Build.0 = Release|x64
		{5B6E4D75-0E54-4FEB-9A76-B9D121EB1BF6}.Release|x86.ActiveCfg = Release|Win32
		{5B6E4D75-0E54-4FEB-9A76-B9D121EB1BF6}.Release|x86.Build.0 = Release|Win32
		{AF9BC8C7-CD65-4483-B87F-5B531A554576}.Debug|x64.ActiveCfg = Debug|x64
		{AF9BC8C7-CD65-4483-B87F-5B531A554576}.Debug|x64.Build.0 = Debug|x64
		{AF9BC8C7-CD65-4483-B87F-5B531A554576}.Debug|x86.ActiveCfg = Debug|Win32
		{AF9BC8C7-CD65-4483-B87F-5B531A554576}.Debug|x86.Build.0 = Debug|Win32
		{AF9BC8C7-CD65-4483-B87F-5B531A554576}.Release|x64.ActiveCfg = Release|x64
		{AF9BC8C7-CD65-4483-B87F-5B531A554576}.Release|x64.Build.0 = Release|x64
		{AF9BC8C7-CD65-4483-B87F-5B531A554576}.Release|x86.ActiveCfg = Release|Win32
		{AF9BC8C7-CD65-4483-B87F-5B531A554576}.Release|x86.Build.0 = Release|Win32
		{283B27BF-1BF2-40F4-90A2-6452EDC60EC3}.Debug|x64.ActiveCfg = Debug|x64
		{283B27BF-1BF2-40F4-90A2-6452EDC60EC3}.Debug|x64.Build.0 = Debug|x64
		{283B27BF-1BF2-40F4-90A2-6452EDC60EC3}.Debug|x86.ActiveCfg = Debug|Win32
		{283B27BF-1BF2-40F4-90A2-6452EDC60EC3}.Debug|x86.Build.0 = Debug|Win32
		{283B27BF-1BF2-40F4-90A2-6452EDC60EC3}.Release|x64.ActiveCfg = Release|x64
		{283B27BF-1BF2-40F4-90A2-6452EDC60EC3}.Release|x64.Build.0 = Release|x64
		{283B27BF-1BF2-40F4-90A2-6452EDC60EC3}.Release|x86.ActiveCfg = Release|Win32
		{283B27BF-1BF2-40F4-90A2-6452EDC60EC3}.Release|x86.Build.0 = Release|Win32
		{59AC7DAF-4FB5-4126-9B4C-5C3A54B59F03}.Debug|x64.ActiveCfg = Debug|x64
		{59AC7DAF-4FB5-4126-9B4C-5C3A54B59F03}.Debug|x64.Build.0 = Debug|x64
		{59AC7DAF-4FB5-4126-9B4C-5C3A54B59F03}.Debug|x86.ActiveCfg = Debug|Win32
		{59AC7DAF-4FB5-4126-9B4C-5C3A54B59F03}.Debug|x86.Build.0 = Debug|Win32
		{59AC7DAF-4FB5-4126-9B4C-5C3A54B59F03}.Release|x64.ActiveCfg = Release|x64
		{59AC7DAF-4FB5-4126-9B4C-5C3A54B59F03}.Release|x64.Build.0 = Release|x64
		{59AC7DAF-4FB5-4126-9B4C-5C3A54B59F03}.Release|x86.ActiveCfg = Release|Win32
		{59AC7DAF-4FB5-4126-9B4C-5C3A54B59F03}.Release|x86.Build.0 = Release|Win32
		{6C999B28-CB03-4FB4-865D-4DC100D02326}.Debug|x64.ActiveCfg = Debug|x64
		{6C999B28-CB03-4FB4-865D-4DC100D02326}.Debug|x64.Build.0 = Debug|x64
		{6C999B28-CB03-4FB4-865D-4DC100D02326}.Debug|x86.ActiveCfg = Debug|Win32
		{6C999B28-CB03-4FB4-865D-4DC100D02326}.Debug|x86.Build.0 = Debug|Win32
		{6C999B28-CB03-4FB4-865D-4DC100D02326}.Release|x64.ActiveCfg = Release|x64
		{6C999B28-CB03-4FB4-865D-4DC100D02326}.Release|x64.Build.0 = Release|x64
		{6C999B28-CB03-4FB4-865D-4DC100D02326}.Release|x86.ActiveCfg = Release|Win32
		{6C999B28-CB03-4FB4-865D-4DC100D02326}.Release|x86.Build.0 = Release|Win32
		{DCEA6EE3-9446-4C37-938D-9AC9FA93D091}.Debug|x64.ActiveCfg = Debug|x64
		{DCEA6EE3-9446-4C37-938D-9AC9FA93D091}.Debug|x64.Build.0 = Debug|x64
		{DCEA6EE3-9446-4C37-938D-9AC9FA93D091}.Debug|x86.ActiveCfg = Debug|Win32
		{DCEA6EE3-9446-4C37-938D-9AC9FA93D091}.Debug|x86.Build.0 = Debug|Win32
		{DCEA6EE3-9446-4C37-938D-9AC9FA93D091}.Release|x64.ActiveCfg = Release|x64
		{DCEA6EE3-9446-4C37-938D-9AC9FA93D091}.Release|x64.Build.0 = Release|x64
		{DCEA6EE3-9446-4C37-938D-9AC9FA93D091}.Release|x86.ActiveCfg = Release|Win32
		{DCEA6EE3-9446-4C37-938D-9AC9FA93D091}.Release|x86.Build.0 = Release|Win32
		{6DE28A9D-E894-4580-93B5-EF920551D369}.Debug|x64.ActiveCfg = Debug|x64
		{6DE28A9D-E894-4580-93B5-EF920551D369}.Debug|x64.Build.0 = Debug|x64
		{6DE28A9D-E894-4580-93B5-EF920551D369}.Debug|x86.ActiveCfg = Debug|Win32
		{6DE28A9D-E894-4580-93B5-EF920551D369}.Debug|x86.Build.0 = Debug|Win32
		{6DE28A9D-E894-4580-93B5-EF920551D369}.Release|x64.ActiveCfg = Release|x64
		{6DE28A9D-E894-4580-93B5-EF920551D369}.Release|x64.Build.0 = Release|x64
		{6DE28A9D-E894-4580-93B5-EF920551D369}.Release|x86.ActiveCfg = Release|Win32
		{6DE28A9D-E894-4580-93B5-EF920551D369}.Release|x86.Build.0 = Release|Win32
		{EB7C471A-2B10-43A1-92CE-7CAD83068781}.Debug|x64.ActiveCfg = Debug|x64
		{EB7C471A-2B10-43A1-92CE-7CAD83068781}.Debug|x64.Build.0 = Debug|x64
		{EB7C471A-2B10-43A1-92CE-7CAD83068781}.Debug|x86.ActiveCfg = Debug|Win32
		{EB7C471A-2B10-43A1-92CE-7CAD83068781}.Debug|x86.Build.0 = Debug|Win32
		{EB7C471A-2B10-43A1-92CE-7CAD83068781}.Release|x64.ActiveCfg = Release|x64
		{EB7C471A-2B10-43A1-92CE-7CAD83068781}.Release|x64.Build.0 = Release|x64
		{EB7C471A-2B10-43A1-92CE-7CAD83068781}.Release|x86.ActiveCfg = Release|Win32
		{EB7C471A-2B10-43A1-92CE-7CAD83068781}.Release|x86.Build.0 = Release|Win32
		{33CB2149-6BB5-4879-9C28-7598041DB5F1}.Debug|x64.ActiveCfg = Debug|x64
		{33CB2149-6BB5-4879-9C28-7598041DB5F1}.Debug|x64.Build.0 = Debug|x64
		{33CB2149-6BB5-4879-9C28-7598041DB5F1}.Debug|x86.ActiveCfg = Debug|Win32
		{33CB2149-6BB5-4879-9C28-7598041DB5F1}.Debug|x86.Build.0 = Debug|Win32
		{33CB2149-6BB5-4879-9C28-7598041DB5F1}.Release|x64.ActiveCfg = Release|x64
		{33CB2149-6BB5-4879-9C28-7598041DB5F1}.Release|x64.Build.0 = Release|x64
		{33CB2149-6BB5-4879-9C28-7598041DB5F1}.Release|x86.ActiveCfg = Release|Win32
		{33CB2149-6BB5-4879-9C28-7598041DB5F1}.Release|x86.Build.0 = Release|Win32
		{9A1AC4B2-761A-4F6E-84A6-F9716E603463}.Debug|x64.ActiveCfg = Debug|x64
		{9A1AC4B2-761A-4F6E-84A6-F9716E603463}.Debug|x64.Build.0 = Debug|x64
		{9A1AC4B2-761A-4F6E-84A6-F9716E603463}.Debug|x86.ActiveCfg = Debug|Win32
		{9A1AC4B2-761A-4F6E-84A6-F9716E603463}.Debug|x86.Build.0 = Debug|Win32
		{9A1AC4B2-761A-4F6E-84A6-F9716E603463}.Release|x64.ActiveCfg = Release|x64
		{9A1AC4B2-761A-4F6E-84A6-F9716E603463}.Release|x64.Build.0 = Release|x64
		{9A1AC4B2-761A-4F6E-84A6-F9716E603463}.Release|x86.ActiveCfg = Release|Win32
		{9A1AC4B2-761A-4F6E-84A6-F9716E603463}.Release|x86.Build.0 = Release|Win32
		{29CEEE94-A84B-499F-BEF3-397DD54B2647}.Debug|x64.ActiveCfg = Debug|x64
		{29CEEE94-A84B-499F-BEF3-397DD54B2647}.Debug|x64.Build.0 = Debug|x64
		{29CEEE94-A84B-499F-BEF3-397DD54B2647}.Debug|x86.ActiveCfg = Debug|Win32
		{29CEEE94-A84B-499F-BEF3-397DD54B2647}.Debug|x86.Build.0 = Debug|Win32
		{29CEEE94-A84B-499F-BEF3-397DD54B2647}.Release|x64.ActiveCfg = Release|x64
		{29CEEE94-A84B-499F-BEF3-397DD54B2647}.Release|x64.Build.0 = Release|x64
		{29CEEE94-A84B-499F-BEF3-397DD54B2647}.Release|x86.ActiveCfg = Release|Win32
		{29CEEE94-A84B-499F-BEF3-397DD54B2647}.Release|x86.Build.0 = Release|Win32
		{2AF65656-31F3-49A8-964C-FD9379EE2DE4}.Debug|x64.ActiveCfg = Debug|x64
		{2AF65656-31F3-49A8-964C-FD9379EE2DE4}.Debug|x64.Build.0 = Debug|x64
		{2AF65656-31F3-49A8-964C-FD9379EE2DE4}.Debug|x86.ActiveCfg = Debug|Win32
		{2AF65656-31F3-49A8-964C-FD9379EE2DE4}.Debug|x86.Build.0 = Debug|Win32
		{2AF65656-31F3-49A8-964C-FD9379EE2DE4}.Release|x64.ActiveCfg = Release|x64
		{2AF65656-31F3-49A8-964C-FD9379EE2DE4}.Release|x64.Build.0 = Release|x64
		{2AF65656-31F3-49A8-964C-FD9379EE2DE4}.Release|x86.ActiveCfg = Release|Win32
		{2AF65656-31F3-49A8-964C-FD9379EE2DE4}.Release|x86.Build.0 = Release|Win32
	EndGlobalSection
	GlobalSection(SolutionProperties) = preSolution
		HideSolutionNode = FALSE
	EndGlobalSection
	GlobalSection(ExtensibilityGlobals) = postSolution
		SolutionGuid = {86CFA9D1-5A33-4FFA-9A34-7796AF54ECBC}
	EndGlobalSection
EndGlobal
